
Microsoft Visual Studio Solution File, Format Version 12.00
# Visual Studio Version 17
VisualStudioVersion = 17.5.002.0
MinimumVisualStudioVersion = 10.0.40219.1
Project("{2150E333-8FDC-42A3-9474-1A3956D46DE8}") = "Projects", "Projects", "{2366B67C-E164-4F52-8B61-1371791C1EFC}"
EndProject
Project("{2150E333-8FDC-42A3-9474-1A3956D46DE8}") = "Project1", "Project1", "{677614A4-CD0A-4E56-9AA8-9B272CCF3CAA}"
EndProject
Project("{9A19103F-16F7-4668-BE54-9A1E7A4F7556}") = "BirthdayCalculator", "Projects\Project1\BirthdayCalculator\BirthdayCalculator.csproj", "{FF37ADC1-B5C4-416C-A11A-69D61DD66C5B}"
EndProject
Project("{2150E333-8FDC-42A3-9474-1A3956D46DE8}") = "Homeworks", "Homeworks", "{E44575E0-7624-40E0-A3AA-7F93C5FCA381}"
EndProject
Project("{2150E333-8FDC-42A3-9474-1A3956D46DE8}") = "HW2", "HW2", "{771CA50B-242A-4645-9260-28980A31B792}"
EndProject
Project("{9A19103F-16F7-4668-BE54-9A1E7A4F7556}") = "HW2Conditionals", "Homeworks\HW2\HW2Conditionals\HW2Conditionals.csproj", "{C220A0CE-5454-4B55-AFB4-6BE494B84794}"
EndProject
Project("{2150E333-8FDC-42A3-9474-1A3956D46DE8}") = "HW3", "HW3", "{0CDFEC70-8122-42B8-B86B-230C4DB2C5E0}"
EndProject
Project("{9A19103F-16F7-4668-BE54-9A1E7A4F7556}") = "HW3Arrays", "Homeworks\HW3\HW3Arrays\HW3Arrays.csproj", "{E52CD1A4-AF06-4A6A-AFF0-10944A573068}"
EndProject
Project("{2150E333-8FDC-42A3-9474-1A3956D46DE8}") = "HW5", "HW5", "{9A2124A2-0687-4310-A501-6F70415993DF}"
EndProject
Project("{FAE04EC0-301F-11D3-BF4B-00C04F79EFBC}") = "HW5", "Homeworks\HW5\HW5\HW5.csproj", "{11EE7A6A-1782-46BB-B285-2476F32F01B6}"
EndProject
Project("{FAE04EC0-301F-11D3-BF4B-00C04F79EFBC}") = "HW5Classes", "Homeworks\HW5\HW5Classes\HW5Classes.csproj", "{716F5891-8CC4-427A-9DA9-828705AB07B2}"
EndProject
Project("{2150E333-8FDC-42A3-9474-1A3956D46DE8}") = "HW6", "HW6", "{6819D056-2696-489D-91EB-C95092D89E7F}"
EndProject
Project("{FAE04EC0-301F-11D3-BF4B-00C04F79EFBC}") = "HW6Inheritance", "Homeworks\HW6\HW6Inheritance\HW6Inheritance.csproj", "{F1316B3B-8E69-4C9D-BBCC-508468EECEC9}"
EndProject
Project("{2150E333-8FDC-42A3-9474-1A3956D46DE8}") = "HW7", "HW7", "{2460664E-B675-496C-9B41-6C05C6708564}"
EndProject
Project("{FAE04EC0-301F-11D3-BF4B-00C04F79EFBC}") = "HW7Polymorphism", "Homeworks\HW7\HW7Polymorphism\HW7Polymorphism.csproj", "{D95F5EB0-4D2D-4EA5-9CC1-36C0D192740D}"
EndProject
Project("{2150E333-8FDC-42A3-9474-1A3956D46DE8}") = "HW8", "HW8", "{AA518E24-5137-4F2F-8E17-20E5A49138AA}"
EndProject
Project("{FAE04EC0-301F-11D3-BF4B-00C04F79EFBC}") = "HW8OpOverloading", "Homeworks\HW8\HW8OpOverloading\HW8OpOverloading.csproj", "{8977D9C4-941A-4773-A8D7-DF533B6E671D}"
EndProject
Project("{2150E333-8FDC-42A3-9474-1A3956D46DE8}") = "Project2", "Project2", "{60743261-152F-40DF-9BAC-160575F6BD94}"
EndProject
Project("{FAE04EC0-301F-11D3-BF4B-00C04F79EFBC}") = "PointCalculator", "Projects\Project2\PointCalculator\PointCalculator.csproj", "{4500E417-3373-41B2-907D-31762F48431C}"
EndProject
Project("{2150E333-8FDC-42A3-9474-1A3956D46DE8}") = "HW4", "HW4", "{EBDD2AB1-A4DA-4326-8525-D67D406FB1C8}"
EndProject
Project("{FAE04EC0-301F-11D3-BF4B-00C04F79EFBC}") = "HW4Methods", "Homeworks\HW4\HW4Methods\HW4Methods.csproj", "{D23B52BB-5427-4856-AF52-AF5C3EE53EC3}"
EndProject
Global
	GlobalSection(SolutionConfigurationPlatforms) = preSolution
		Debug|Any CPU = Debug|Any CPU
		Release|Any CPU = Release|Any CPU
	EndGlobalSection
	GlobalSection(ProjectConfigurationPlatforms) = postSolution
		{FF37ADC1-B5C4-416C-A11A-69D61DD66C5B}.Debug|Any CPU.ActiveCfg = Debug|Any CPU
		{FF37ADC1-B5C4-416C-A11A-69D61DD66C5B}.Debug|Any CPU.Build.0 = Debug|Any CPU
		{FF37ADC1-B5C4-416C-A11A-69D61DD66C5B}.Release|Any CPU.ActiveCfg = Release|Any CPU
		{FF37ADC1-B5C4-416C-A11A-69D61DD66C5B}.Release|Any CPU.Build.0 = Release|Any CPU
		{C220A0CE-5454-4B55-AFB4-6BE494B84794}.Debug|Any CPU.ActiveCfg = Debug|Any CPU
		{C220A0CE-5454-4B55-AFB4-6BE494B84794}.Debug|Any CPU.Build.0 = Debug|Any CPU
		{C220A0CE-5454-4B55-AFB4-6BE494B84794}.Release|Any CPU.ActiveCfg = Release|Any CPU
		{C220A0CE-5454-4B55-AFB4-6BE494B84794}.Release|Any CPU.Build.0 = Release|Any CPU
		{E52CD1A4-AF06-4A6A-AFF0-10944A573068}.Debug|Any CPU.ActiveCfg = Debug|Any CPU
		{E52CD1A4-AF06-4A6A-AFF0-10944A573068}.Debug|Any CPU.Build.0 = Debug|Any CPU
		{E52CD1A4-AF06-4A6A-AFF0-10944A573068}.Release|Any CPU.ActiveCfg = Release|Any CPU
		{E52CD1A4-AF06-4A6A-AFF0-10944A573068}.Release|Any CPU.Build.0 = Release|Any CPU
		{11EE7A6A-1782-46BB-B285-2476F32F01B6}.Debug|Any CPU.ActiveCfg = Debug|Any CPU
		{11EE7A6A-1782-46BB-B285-2476F32F01B6}.Debug|Any CPU.Build.0 = Debug|Any CPU
		{11EE7A6A-1782-46BB-B285-2476F32F01B6}.Release|Any CPU.ActiveCfg = Release|Any CPU
		{11EE7A6A-1782-46BB-B285-2476F32F01B6}.Release|Any CPU.Build.0 = Release|Any CPU
		{716F5891-8CC4-427A-9DA9-828705AB07B2}.Debug|Any CPU.ActiveCfg = Debug|Any CPU
		{716F5891-8CC4-427A-9DA9-828705AB07B2}.Debug|Any CPU.Build.0 = Debug|Any CPU
		{716F5891-8CC4-427A-9DA9-828705AB07B2}.Release|Any CPU.ActiveCfg = Release|Any CPU
		{716F5891-8CC4-427A-9DA9-828705AB07B2}.Release|Any CPU.Build.0 = Release|Any CPU
		{F1316B3B-8E69-4C9D-BBCC-508468EECEC9}.Debug|Any CPU.ActiveCfg = Debug|Any CPU
		{F1316B3B-8E69-4C9D-BBCC-508468EECEC9}.Debug|Any CPU.Build.0 = Debug|Any CPU
		{F1316B3B-8E69-4C9D-BBCC-508468EECEC9}.Release|Any CPU.ActiveCfg = Release|Any CPU
		{F1316B3B-8E69-4C9D-BBCC-508468EECEC9}.Release|Any CPU.Build.0 = Release|Any CPU
		{D95F5EB0-4D2D-4EA5-9CC1-36C0D192740D}.Debug|Any CPU.ActiveCfg = Debug|Any CPU
		{D95F5EB0-4D2D-4EA5-9CC1-36C0D192740D}.Debug|Any CPU.Build.0 = Debug|Any CPU
		{D95F5EB0-4D2D-4EA5-9CC1-36C0D192740D}.Release|Any CPU.ActiveCfg = Release|Any CPU
		{D95F5EB0-4D2D-4EA5-9CC1-36C0D192740D}.Release|Any CPU.Build.0 = Release|Any CPU
		{8977D9C4-941A-4773-A8D7-DF533B6E671D}.Debug|Any CPU.ActiveCfg = Debug|Any CPU
		{8977D9C4-941A-4773-A8D7-DF533B6E671D}.Debug|Any CPU.Build.0 = Debug|Any CPU
		{8977D9C4-941A-4773-A8D7-DF533B6E671D}.Release|Any CPU.ActiveCfg = Release|Any CPU
		{8977D9C4-941A-4773-A8D7-DF533B6E671D}.Release|Any CPU.Build.0 = Release|Any CPU
		{4500E417-3373-41B2-907D-31762F48431C}.Debug|Any CPU.ActiveCfg = Debug|Any CPU
		{4500E417-3373-41B2-907D-31762F48431C}.Debug|Any CPU.Build.0 = Debug|Any CPU
		{4500E417-3373-41B2-907D-31762F48431C}.Release|Any CPU.ActiveCfg = Release|Any CPU
		{4500E417-3373-41B2-907D-31762F48431C}.Release|Any CPU.Build.0 = Release|Any CPU
		{D23B52BB-5427-4856-AF52-AF5C3EE53EC3}.Debug|Any CPU.ActiveCfg = Debug|Any CPU
		{D23B52BB-5427-4856-AF52-AF5C3EE53EC3}.Debug|Any CPU.Build.0 = Debug|Any CPU
		{D23B52BB-5427-4856-AF52-AF5C3EE53EC3}.Release|Any CPU.ActiveCfg = Release|Any CPU
		{D23B52BB-5427-4856-AF52-AF5C3EE53EC3}.Release|Any CPU.Build.0 = Release|Any CPU
	EndGlobalSection
	GlobalSection(SolutionProperties) = preSolution
		HideSolutionNode = FALSE
	EndGlobalSection
	GlobalSection(NestedProjects) = preSolution
		{677614A4-CD0A-4E56-9AA8-9B272CCF3CAA} = {2366B67C-E164-4F52-8B61-1371791C1EFC}
		{FF37ADC1-B5C4-416C-A11A-69D61DD66C5B} = {677614A4-CD0A-4E56-9AA8-9B272CCF3CAA}
		{771CA50B-242A-4645-9260-28980A31B792} = {E44575E0-7624-40E0-A3AA-7F93C5FCA381}
		{C220A0CE-5454-4B55-AFB4-6BE494B84794} = {771CA50B-242A-4645-9260-28980A31B792}
		{0CDFEC70-8122-42B8-B86B-230C4DB2C5E0} = {E44575E0-7624-40E0-A3AA-7F93C5FCA381}
		{E52CD1A4-AF06-4A6A-AFF0-10944A573068} = {0CDFEC70-8122-42B8-B86B-230C4DB2C5E0}
		{9A2124A2-0687-4310-A501-6F70415993DF} = {E44575E0-7624-40E0-A3AA-7F93C5FCA381}
		{11EE7A6A-1782-46BB-B285-2476F32F01B6} = {9A2124A2-0687-4310-A501-6F70415993DF}
		{716F5891-8CC4-427A-9DA9-828705AB07B2} = {9A2124A2-0687-4310-A501-6F70415993DF}
		{6819D056-2696-489D-91EB-C95092D89E7F} = {E44575E0-7624-40E0-A3AA-7F93C5FCA381}
		{F1316B3B-8E69-4C9D-BBCC-508468EECEC9} = {6819D056-2696-489D-91EB-C95092D89E7F}
		{2460664E-B675-496C-9B41-6C05C6708564} = {E44575E0-7624-40E0-A3AA-7F93C5FCA381}
		{D95F5EB0-4D2D-4EA5-9CC1-36C0D192740D} = {2460664E-B675-496C-9B41-6C05C6708564}
		{AA518E24-5137-4F2F-8E17-20E5A49138AA} = {E44575E0-7624-40E0-A3AA-7F93C5FCA381}
		{8977D9C4-941A-4773-A8D7-DF533B6E671D} = {AA518E24-5137-4F2F-8E17-20E5A49138AA}
		{60743261-152F-40DF-9BAC-160575F6BD94} = {2366B67C-E164-4F52-8B61-1371791C1EFC}
		{4500E417-3373-41B2-907D-31762F48431C} = {60743261-152F-40DF-9BAC-160575F6BD94}
		{EBDD2AB1-A4DA-4326-8525-D67D406FB1C8} = {E44575E0-7624-40E0-A3AA-7F93C5FCA381}
		{D23B52BB-5427-4856-AF52-AF5C3EE53EC3} = {EBDD2AB1-A4DA-4326-8525-D67D406FB1C8}
	EndGlobalSection
	GlobalSection(ExtensibilityGlobals) = postSolution
		SolutionGuid = {56681FB1-3E4E-460A-8313-9DB0F035E199}
	EndGlobalSection
EndGlobal
