
Microsoft Visual Studio Solution File, Format Version 12.00
# Visual Studio Version 17
VisualStudioVersion = 17.5.002.0
MinimumVisualStudioVersion = 10.0.40219.1
Project("{2150E333-8FDC-42A3-9474-1A3956D46DE8}") = "Projects", "Projects", "{2366B67C-E164-4F52-8B61-1371791C1EFC}"
EndProject
Project("{2150E333-8FDC-42A3-9474-1A3956D46DE8}") = "Project1", "Project1", "{677614A4-CD0A-4E56-9AA8-9B272CCF3CAA}"
EndProject
Project("{9A19103F-16F7-4668-BE54-9A1E7A4F7556}") = "BirthdayCalculator", "Projects\Project1\BirthdayCalculator\BirthdayCalculator.csproj", "{FF37ADC1-B5C4-416C-A11A-69D61DD66C5B}"
EndProject
Project("{2150E333-8FDC-42A3-9474-1A3956D46DE8}") = "Homeworks", "Homeworks", "{E44575E0-7624-40E0-A3AA-7F93C5FCA381}"
EndProject
Project("{2150E333-8FDC-42A3-9474-1A3956D46DE8}") = "HW2", "HW2", "{771CA50B-242A-4645-9260-28980A31B792}"
EndProject
Project("{9A19103F-16F7-4668-BE54-9A1E7A4F7556}") = "HW2Conditionals", "Homeworks\HW2\HW2Conditionals\HW2Conditionals.csproj", "{C220A0CE-5454-4B55-AFB4-6BE494B84794}"
EndProject
Project("{2150E333-8FDC-42A3-9474-1A3956D46DE8}") = "HW3", "HW3", "{0CDFEC70-8122-42B8-B86B-230C4DB2C5E0}"
EndProject
Project("{9A19103F-16F7-4668-BE54-9A1E7A4F7556}") = "HW3Arrays", "Homeworks\HW3\HW3Arrays\HW3Arrays.csproj", "{E52CD1A4-AF06-4A6A-AFF0-10944A573068}"
EndProject
Project("{2150E333-8FDC-42A3-9474-1A3956D46DE8}") = "HW5", "HW5", "{9A2124A2-0687-4310-A501-6F70415993DF}"
EndProject
Project("{FAE04EC0-301F-11D3-BF4B-00C04F79EFBC}") = "HW5Classes", "Homeworks\HW5\HW5Classes\HW5Classes.csproj", "{716F5891-8CC4-427A-9DA9-828705AB07B2}"
EndProject
Project("{2150E333-8FDC-42A3-9474-1A3956D46DE8}") = "HW6", "HW6", "{6819D056-2696-489D-91EB-C95092D89E7F}"
EndProject
Project("{FAE04EC0-301F-11D3-BF4B-00C04F79EFBC}") = "HW6Inheritance", "Homeworks\HW6\HW6Inheritance\HW6Inheritance.csproj", "{F1316B3B-8E69-4C9D-BBCC-508468EECEC9}"
EndProject
Project("{2150E333-8FDC-42A3-9474-1A3956D46DE8}") = "HW7", "HW7", "{2460664E-B675-496C-9B41-6C05C6708564}"
EndProject
Project("{FAE04EC0-301F-11D3-BF4B-00C04F79EFBC}") = "HW7Polymorphism", "Homeworks\HW7\HW7Polymorphism\HW7Polymorphism.csproj", "{D95F5EB0-4D2D-4EA5-9CC1-36C0D192740D}"
EndProject
Project("{2150E333-8FDC-42A3-9474-1A3956D46DE8}") = "HW8", "HW8", "{AA518E24-5137-4F2F-8E17-20E5A49138AA}"
EndProject
Project("{FAE04EC0-301F-11D3-BF4B-00C04F79EFBC}") = "HW8OpOverloading", "Homeworks\HW8\HW8OpOverloading\HW8OpOverloading.csproj", "{8977D9C4-941A-4773-A8D7-DF533B6E671D}"
EndProject
Project("{2150E333-8FDC-42A3-9474-1A3956D46DE8}") = "Project2", "Project2", "{60743261-152F-40DF-9BAC-160575F6BD94}"
EndProject
Project("{FAE04EC0-301F-11D3-BF4B-00C04F79EFBC}") = "PointCalculator", "Projects\Project2\PointCalculator\PointCalculator.csproj", "{4500E417-3373-41B2-907D-31762F48431C}"
EndProject
Project("{2150E333-8FDC-42A3-9474-1A3956D46DE8}") = "HW4", "HW4", "{EBDD2AB1-A4DA-4326-8525-D67D406FB1C8}"
EndProject
Project("{FAE04EC0-301F-11D3-BF4B-00C04F79EFBC}") = "HW4Methods", "Homeworks\HW4\HW4Methods\HW4Methods.csproj", "{D23B52BB-5427-4856-AF52-AF5C3EE53EC3}"
EndProject
Project("{2150E333-8FDC-42A3-9474-1A3956D46DE8}") = "HW9", "HW9", "{989697BD-865A-4FDF-BBC8-399B6A80AB33}"
EndProject
Project("{FAE04EC0-301F-11D3-BF4B-00C04F79EFBC}") = "HW9Interfaces", "Homeworks\HW9\HW9Interfaces\HW9Interfaces.csproj", "{75EF3916-F1F3-4016-848A-737FE06B8839}"
EndProject
Project("{2150E333-8FDC-42A3-9474-1A3956D46DE8}") = "HW10", "HW10", "{7C82EAE0-AD7C-4DC1-8D00-FD17F1C3B4A7}"
EndProject
Project("{FAE04EC0-301F-11D3-BF4B-00C04F79EFBC}") = "HW10Lists", "Homeworks\HW10\HW10Lists\HW10Lists.csproj", "{D379E39F-DCE6-41E0-B32F-0B0D79CCB2C8}"
EndProject
Project("{2150E333-8FDC-42A3-9474-1A3956D46DE8}") = "HW11", "HW11", "{FE73D2EB-E1AD-42C6-8CE5-829E87D930BA}"
EndProject
Project("{FAE04EC0-301F-11D3-BF4B-00C04F79EFBC}") = "HW11Collections", "Homeworks\HW11\HW11Collections\HW11Collections.csproj", "{EE292CF0-0649-4D19-B638-605C05D843B9}"
EndProject
Project("{2150E333-8FDC-42A3-9474-1A3956D46DE8}") = "HW12", "HW12", "{53B98CA0-9450-450E-AA14-9CC9DCD3776B}"
EndProject
Project("{FAE04EC0-301F-11D3-BF4B-00C04F79EFBC}") = "HW12Exceptions", "Homeworks\HW12\HW12Exceptions\HW12Exceptions.csproj", "{2187A925-95CC-41FA-8D64-4CBBED889AE1}"
EndProject
Project("{2150E333-8FDC-42A3-9474-1A3956D46DE8}") = "HW13", "HW13", "{4A33849B-7A20-4D34-92DA-7D89DFEB3247}"
EndProject
Project("{FAE04EC0-301F-11D3-BF4B-00C04F79EFBC}") = "HW13Streams", "Homeworks\HW13\HW13Streams\HW13Streams.csproj", "{AEAAFBA0-102B-4B39-8FFD-8725918CF88E}"
EndProject
Project("{2150E333-8FDC-42A3-9474-1A3956D46DE8}") = "Project3", "Project3", "{823067A6-321B-4D20-9D2F-332806315E21}"
EndProject
Project("{FAE04EC0-301F-11D3-BF4B-00C04F79EFBC}") = "CustomerManagement", "Projects\Project3\CustomerManagement\CustomerManagement.csproj", "{288FD493-3DCE-4B6A-8AC8-E6B8AF9B9EFA}"
EndProject
Project("{2150E333-8FDC-42A3-9474-1A3956D46DE8}") = "HW14", "HW14", "{C737827D-3DC8-43A0-808B-0B8B4E49D2E4}"
EndProject
Project("{FAE04EC0-301F-11D3-BF4B-00C04F79EFBC}") = "HW14Delegates", "Homeworks\HW14\HW14Delegates\HW14Delegates.csproj", "{086D945C-D5D5-4970-9D18-20C0EC02720B}"
EndProject
Project("{2150E333-8FDC-42A3-9474-1A3956D46DE8}") = "HW15", "HW15", "{732671F7-2E63-4F04-8C92-8A142E7E0A2D}"
EndProject
Project("{FAE04EC0-301F-11D3-BF4B-00C04F79EFBC}") = "HW15LINQ", "Homeworks\HW15\HW15LINQ\HW15LINQ.csproj", "{644C57F7-1635-4ACC-B366-79BD160DCB4E}"
EndProject
Project("{2150E333-8FDC-42A3-9474-1A3956D46DE8}") = "HW16", "HW16", "{8BF54834-8FC2-4EA6-975F-5F784B8DDB84}"
EndProject
Project("{FAE04EC0-301F-11D3-BF4B-00C04F79EFBC}") = "HW16Async", "Homeworks\HW16\HW16Async\HW16Async.csproj", "{80A00973-B977-45A2-9E3A-B7AFC9457F45}"
EndProject
Project("{2150E333-8FDC-42A3-9474-1A3956D46DE8}") = "Project4", "Project4", "{96BB637A-CD08-4E25-B81C-6CEE8002345B}"
EndProject
Project("{FAE04EC0-301F-11D3-BF4B-00C04F79EFBC}") = "EventManager", "Projects\Project4\EventManager\EventManager.csproj", "{14FCE000-B973-4CBE-BFBC-523FE5F6472E}"
EndProject
Global
	GlobalSection(SolutionConfigurationPlatforms) = preSolution
		Debug|Any CPU = Debug|Any CPU
		Release|Any CPU = Release|Any CPU
	EndGlobalSection
	GlobalSection(ProjectConfigurationPlatforms) = postSolution
		{FF37ADC1-B5C4-416C-A11A-69D61DD66C5B}.Debug|Any CPU.ActiveCfg = Debug|Any CPU
		{FF37ADC1-B5C4-416C-A11A-69D61DD66C5B}.Debug|Any CPU.Build.0 = Debug|Any CPU
		{FF37ADC1-B5C4-416C-A11A-69D61DD66C5B}.Release|Any CPU.ActiveCfg = Release|Any CPU
		{FF37ADC1-B5C4-416C-A11A-69D61DD66C5B}.Release|Any CPU.Build.0 = Release|Any CPU
		{C220A0CE-5454-4B55-AFB4-6BE494B84794}.Debug|Any CPU.ActiveCfg = Debug|Any CPU
		{C220A0CE-5454-4B55-AFB4-6BE494B84794}.Debug|Any CPU.Build.0 = Debug|Any CPU
		{C220A0CE-5454-4B55-AFB4-6BE494B84794}.Release|Any CPU.ActiveCfg = Release|Any CPU
		{C220A0CE-5454-4B55-AFB4-6BE494B84794}.Release|Any CPU.Build.0 = Release|Any CPU
		{E52CD1A4-AF06-4A6A-AFF0-10944A573068}.Debug|Any CPU.ActiveCfg = Debug|Any CPU
		{E52CD1A4-AF06-4A6A-AFF0-10944A573068}.Debug|Any CPU.Build.0 = Debug|Any CPU
		{E52CD1A4-AF06-4A6A-AFF0-10944A573068}.Release|Any CPU.ActiveCfg = Release|Any CPU
		{E52CD1A4-AF06-4A6A-AFF0-10944A573068}.Release|Any CPU.Build.0 = Release|Any CPU
		{11EE7A6A-1782-46BB-B285-2476F32F01B6}.Debug|Any CPU.ActiveCfg = Debug|Any CPU
		{11EE7A6A-1782-46BB-B285-2476F32F01B6}.Debug|Any CPU.Build.0 = Debug|Any CPU
		{11EE7A6A-1782-46BB-B285-2476F32F01B6}.Release|Any CPU.ActiveCfg = Release|Any CPU
		{11EE7A6A-1782-46BB-B285-2476F32F01B6}.Release|Any CPU.Build.0 = Release|Any CPU
		{716F5891-8CC4-427A-9DA9-828705AB07B2}.Debug|Any CPU.ActiveCfg = Debug|Any CPU
		{716F5891-8CC4-427A-9DA9-828705AB07B2}.Debug|Any CPU.Build.0 = Debug|Any CPU
		{716F5891-8CC4-427A-9DA9-828705AB07B2}.Release|Any CPU.ActiveCfg = Release|Any CPU
		{716F5891-8CC4-427A-9DA9-828705AB07B2}.Release|Any CPU.Build.0 = Release|Any CPU
		{F1316B3B-8E69-4C9D-BBCC-508468EECEC9}.Debug|Any CPU.ActiveCfg = Debug|Any CPU
		{F1316B3B-8E69-4C9D-BBCC-508468EECEC9}.Debug|Any CPU.Build.0 = Debug|Any CPU
		{F1316B3B-8E69-4C9D-BBCC-508468EECEC9}.Release|Any CPU.ActiveCfg = Release|Any CPU
		{F1316B3B-8E69-4C9D-BBCC-508468EECEC9}.Release|Any CPU.Build.0 = Release|Any CPU
		{D95F5EB0-4D2D-4EA5-9CC1-36C0D192740D}.Debug|Any CPU.ActiveCfg = Debug|Any CPU
		{D95F5EB0-4D2D-4EA5-9CC1-36C0D192740D}.Debug|Any CPU.Build.0 = Debug|Any CPU
		{D95F5EB0-4D2D-4EA5-9CC1-36C0D192740D}.Release|Any CPU.ActiveCfg = Release|Any CPU
		{D95F5EB0-4D2D-4EA5-9CC1-36C0D192740D}.Release|Any CPU.Build.0 = Release|Any CPU
		{8977D9C4-941A-4773-A8D7-DF533B6E671D}.Debug|Any CPU.ActiveCfg = Debug|Any CPU
		{8977D9C4-941A-4773-A8D7-DF533B6E671D}.Debug|Any CPU.Build.0 = Debug|Any CPU
		{8977D9C4-941A-4773-A8D7-DF533B6E671D}.Release|Any CPU.ActiveCfg = Release|Any CPU
		{8977D9C4-941A-4773-A8D7-DF533B6E671D}.Release|Any CPU.Build.0 = Release|Any CPU
		{4500E417-3373-41B2-907D-31762F48431C}.Debug|Any CPU.ActiveCfg = Debug|Any CPU
		{4500E417-3373-41B2-907D-31762F48431C}.Debug|Any CPU.Build.0 = Debug|Any CPU
		{4500E417-3373-41B2-907D-31762F48431C}.Release|Any CPU.ActiveCfg = Release|Any CPU
		{4500E417-3373-41B2-907D-31762F48431C}.Release|Any CPU.Build.0 = Release|Any CPU
		{D23B52BB-5427-4856-AF52-AF5C3EE53EC3}.Debug|Any CPU.ActiveCfg = Debug|Any CPU
		{D23B52BB-5427-4856-AF52-AF5C3EE53EC3}.Debug|Any CPU.Build.0 = Debug|Any CPU
		{D23B52BB-5427-4856-AF52-AF5C3EE53EC3}.Release|Any CPU.ActiveCfg = Release|Any CPU
		{D23B52BB-5427-4856-AF52-AF5C3EE53EC3}.Release|Any CPU.Build.0 = Release|Any CPU
		{75EF3916-F1F3-4016-848A-737FE06B8839}.Debug|Any CPU.ActiveCfg = Debug|Any CPU
		{75EF3916-F1F3-4016-848A-737FE06B8839}.Debug|Any CPU.Build.0 = Debug|Any CPU
		{75EF3916-F1F3-4016-848A-737FE06B8839}.Release|Any CPU.ActiveCfg = Release|Any CPU
		{75EF3916-F1F3-4016-848A-737FE06B8839}.Release|Any CPU.Build.0 = Release|Any CPU
		{D379E39F-DCE6-41E0-B32F-0B0D79CCB2C8}.Debug|Any CPU.ActiveCfg = Debug|Any CPU
		{D379E39F-DCE6-41E0-B32F-0B0D79CCB2C8}.Debug|Any CPU.Build.0 = Debug|Any CPU
		{D379E39F-DCE6-41E0-B32F-0B0D79CCB2C8}.Release|Any CPU.ActiveCfg = Release|Any CPU
		{D379E39F-DCE6-41E0-B32F-0B0D79CCB2C8}.Release|Any CPU.Build.0 = Release|Any CPU
		{EE292CF0-0649-4D19-B638-605C05D843B9}.Debug|Any CPU.ActiveCfg = Debug|Any CPU
		{EE292CF0-0649-4D19-B638-605C05D843B9}.Debug|Any CPU.Build.0 = Debug|Any CPU
		{EE292CF0-0649-4D19-B638-605C05D843B9}.Release|Any CPU.ActiveCfg = Release|Any CPU
		{EE292CF0-0649-4D19-B638-605C05D843B9}.Release|Any CPU.Build.0 = Release|Any CPU
		{2187A925-95CC-41FA-8D64-4CBBED889AE1}.Debug|Any CPU.ActiveCfg = Debug|Any CPU
		{2187A925-95CC-41FA-8D64-4CBBED889AE1}.Debug|Any CPU.Build.0 = Debug|Any CPU
		{2187A925-95CC-41FA-8D64-4CBBED889AE1}.Release|Any CPU.ActiveCfg = Release|Any CPU
		{2187A925-95CC-41FA-8D64-4CBBED889AE1}.Release|Any CPU.Build.0 = Release|Any CPU
		{AEAAFBA0-102B-4B39-8FFD-8725918CF88E}.Debug|Any CPU.ActiveCfg = Debug|Any CPU
		{AEAAFBA0-102B-4B39-8FFD-8725918CF88E}.Debug|Any CPU.Build.0 = Debug|Any CPU
		{AEAAFBA0-102B-4B39-8FFD-8725918CF88E}.Release|Any CPU.ActiveCfg = Release|Any CPU
		{AEAAFBA0-102B-4B39-8FFD-8725918CF88E}.Release|Any CPU.Build.0 = Release|Any CPU
		{288FD493-3DCE-4B6A-8AC8-E6B8AF9B9EFA}.Debug|Any CPU.ActiveCfg = Debug|Any CPU
		{288FD493-3DCE-4B6A-8AC8-E6B8AF9B9EFA}.Debug|Any CPU.Build.0 = Debug|Any CPU
		{288FD493-3DCE-4B6A-8AC8-E6B8AF9B9EFA}.Release|Any CPU.ActiveCfg = Release|Any CPU
		{288FD493-3DCE-4B6A-8AC8-E6B8AF9B9EFA}.Release|Any CPU.Build.0 = Release|Any CPU
		{086D945C-D5D5-4970-9D18-20C0EC02720B}.Debug|Any CPU.ActiveCfg = Debug|Any CPU
		{086D945C-D5D5-4970-9D18-20C0EC02720B}.Debug|Any CPU.Build.0 = Debug|Any CPU
		{086D945C-D5D5-4970-9D18-20C0EC02720B}.Release|Any CPU.ActiveCfg = Release|Any CPU
		{086D945C-D5D5-4970-9D18-20C0EC02720B}.Release|Any CPU.Build.0 = Release|Any CPU
		{644C57F7-1635-4ACC-B366-79BD160DCB4E}.Debug|Any CPU.ActiveCfg = Debug|Any CPU
		{644C57F7-1635-4ACC-B366-79BD160DCB4E}.Debug|Any CPU.Build.0 = Debug|Any CPU
		{644C57F7-1635-4ACC-B366-79BD160DCB4E}.Release|Any CPU.ActiveCfg = Release|Any CPU
		{644C57F7-1635-4ACC-B366-79BD160DCB4E}.Release|Any CPU.Build.0 = Release|Any CPU
		{80A00973-B977-45A2-9E3A-B7AFC9457F45}.Debug|Any CPU.ActiveCfg = Debug|Any CPU
		{80A00973-B977-45A2-9E3A-B7AFC9457F45}.Debug|Any CPU.Build.0 = Debug|Any CPU
		{80A00973-B977-45A2-9E3A-B7AFC9457F45}.Release|Any CPU.ActiveCfg = Release|Any CPU
		{80A00973-B977-45A2-9E3A-B7AFC9457F45}.Release|Any CPU.Build.0 = Release|Any CPU
		{14FCE000-B973-4CBE-BFBC-523FE5F6472E}.Debug|Any CPU.ActiveCfg = Debug|Any CPU
		{14FCE000-B973-4CBE-BFBC-523FE5F6472E}.Debug|Any CPU.Build.0 = Debug|Any CPU
		{14FCE000-B973-4CBE-BFBC-523FE5F6472E}.Release|Any CPU.ActiveCfg = Release|Any CPU
		{14FCE000-B973-4CBE-BFBC-523FE5F6472E}.Release|Any CPU.Build.0 = Release|Any CPU
	EndGlobalSection
	GlobalSection(SolutionProperties) = preSolution
		HideSolutionNode = FALSE
	EndGlobalSection
	GlobalSection(NestedProjects) = preSolution
		{677614A4-CD0A-4E56-9AA8-9B272CCF3CAA} = {2366B67C-E164-4F52-8B61-1371791C1EFC}
		{FF37ADC1-B5C4-416C-A11A-69D61DD66C5B} = {677614A4-CD0A-4E56-9AA8-9B272CCF3CAA}
		{771CA50B-242A-4645-9260-28980A31B792} = {E44575E0-7624-40E0-A3AA-7F93C5FCA381}
		{C220A0CE-5454-4B55-AFB4-6BE494B84794} = {771CA50B-242A-4645-9260-28980A31B792}
		{0CDFEC70-8122-42B8-B86B-230C4DB2C5E0} = {E44575E0-7624-40E0-A3AA-7F93C5FCA381}
		{E52CD1A4-AF06-4A6A-AFF0-10944A573068} = {0CDFEC70-8122-42B8-B86B-230C4DB2C5E0}
		{9A2124A2-0687-4310-A501-6F70415993DF} = {E44575E0-7624-40E0-A3AA-7F93C5FCA381}
		{11EE7A6A-1782-46BB-B285-2476F32F01B6} = {9A2124A2-0687-4310-A501-6F70415993DF}
		{716F5891-8CC4-427A-9DA9-828705AB07B2} = {9A2124A2-0687-4310-A501-6F70415993DF}
		{6819D056-2696-489D-91EB-C95092D89E7F} = {E44575E0-7624-40E0-A3AA-7F93C5FCA381}
		{F1316B3B-8E69-4C9D-BBCC-508468EECEC9} = {6819D056-2696-489D-91EB-C95092D89E7F}
		{2460664E-B675-496C-9B41-6C05C6708564} = {E44575E0-7624-40E0-A3AA-7F93C5FCA381}
		{D95F5EB0-4D2D-4EA5-9CC1-36C0D192740D} = {2460664E-B675-496C-9B41-6C05C6708564}
		{AA518E24-5137-4F2F-8E17-20E5A49138AA} = {E44575E0-7624-40E0-A3AA-7F93C5FCA381}
		{8977D9C4-941A-4773-A8D7-DF533B6E671D} = {AA518E24-5137-4F2F-8E17-20E5A49138AA}
		{60743261-152F-40DF-9BAC-160575F6BD94} = {2366B67C-E164-4F52-8B61-1371791C1EFC}
		{4500E417-3373-41B2-907D-31762F48431C} = {60743261-152F-40DF-9BAC-160575F6BD94}
		{EBDD2AB1-A4DA-4326-8525-D67D406FB1C8} = {E44575E0-7624-40E0-A3AA-7F93C5FCA381}
		{D23B52BB-5427-4856-AF52-AF5C3EE53EC3} = {EBDD2AB1-A4DA-4326-8525-D67D406FB1C8}
		{989697BD-865A-4FDF-BBC8-399B6A80AB33} = {E44575E0-7624-40E0-A3AA-7F93C5FCA381}
		{75EF3916-F1F3-4016-848A-737FE06B8839} = {989697BD-865A-4FDF-BBC8-399B6A80AB33}
		{7C82EAE0-AD7C-4DC1-8D00-FD17F1C3B4A7} = {E44575E0-7624-40E0-A3AA-7F93C5FCA381}
		{D379E39F-DCE6-41E0-B32F-0B0D79CCB2C8} = {7C82EAE0-AD7C-4DC1-8D00-FD17F1C3B4A7}
		{FE73D2EB-E1AD-42C6-8CE5-829E87D930BA} = {E44575E0-7624-40E0-A3AA-7F93C5FCA381}
		{EE292CF0-0649-4D19-B638-605C05D843B9} = {FE73D2EB-E1AD-42C6-8CE5-829E87D930BA}
		{53B98CA0-9450-450E-AA14-9CC9DCD3776B} = {E44575E0-7624-40E0-A3AA-7F93C5FCA381}
		{2187A925-95CC-41FA-8D64-4CBBED889AE1} = {53B98CA0-9450-450E-AA14-9CC9DCD3776B}
		{4A33849B-7A20-4D34-92DA-7D89DFEB3247} = {E44575E0-7624-40E0-A3AA-7F93C5FCA381}
		{AEAAFBA0-102B-4B39-8FFD-8725918CF88E} = {4A33849B-7A20-4D34-92DA-7D89DFEB3247}
		{823067A6-321B-4D20-9D2F-332806315E21} = {2366B67C-E164-4F52-8B61-1371791C1EFC}
		{288FD493-3DCE-4B6A-8AC8-E6B8AF9B9EFA} = {823067A6-321B-4D20-9D2F-332806315E21}
		{C737827D-3DC8-43A0-808B-0B8B4E49D2E4} = {E44575E0-7624-40E0-A3AA-7F93C5FCA381}
		{086D945C-D5D5-4970-9D18-20C0EC02720B} = {C737827D-3DC8-43A0-808B-0B8B4E49D2E4}
		{732671F7-2E63-4F04-8C92-8A142E7E0A2D} = {E44575E0-7624-40E0-A3AA-7F93C5FCA381}
		{644C57F7-1635-4ACC-B366-79BD160DCB4E} = {732671F7-2E63-4F04-8C92-8A142E7E0A2D}
		{8BF54834-8FC2-4EA6-975F-5F784B8DDB84} = {E44575E0-7624-40E0-A3AA-7F93C5FCA381}
		{80A00973-B977-45A2-9E3A-B7AFC9457F45} = {8BF54834-8FC2-4EA6-975F-5F784B8DDB84}
		{96BB637A-CD08-4E25-B81C-6CEE8002345B} = {2366B67C-E164-4F52-8B61-1371791C1EFC}
		{14FCE000-B973-4CBE-BFBC-523FE5F6472E} = {96BB637A-CD08-4E25-B81C-6CEE8002345B}
	EndGlobalSection
	GlobalSection(ExtensibilityGlobals) = postSolution
		SolutionGuid = {56681FB1-3E4E-460A-8313-9DB0F035E199}
	EndGlobalSection
EndGlobal
